
Microsoft Visual Studio Solution File, Format Version 12.00
Project("{FAE04EC0-301F-11D3-BF4B-00C04F79EFBC}") = "ModularMonolithApi", "ModularMonolithApi\ModularMonolithApi.csproj", "{0C551691-37E5-4BE2-830C-62E651580193}"
EndProject
Project("{FAE04EC0-301F-11D3-BF4B-00C04F79EFBC}") = "UserModule", "UserModule\UserModule.csproj", "{2F58CEE8-0A54-406A-AC77-13EB3D7EEA23}"
EndProject
Project("{2150E333-8FDC-42A3-9474-1A3956D46DE8}") = "Modules", "Modules", "{9CE44ECE-9ABF-4BCB-8251-5C7DA7679600}"
EndProject
Project("{FAE04EC0-301F-11D3-BF4B-00C04F79EFBC}") = "ProductModule", "ProductModule\ProductModule.csproj", "{CC987F83-30F9-46B9-9FEC-2EF82588A1BC}"
EndProject
Project("{FAE04EC0-301F-11D3-BF4B-00C04F79EFBC}") = "OrderModule", "OrderModule\OrderModule.csproj", "{B7A38628-F0A8-4C21-9B26-312FB426673D}"
EndProject
Project("{FAE04EC0-301F-11D3-BF4B-00C04F79EFBC}") = "Contracts", "Contracts\Contracts.csproj", "{7785DB9A-6470-4213-90DE-555111258816}"
EndProject
Project("{2150E333-8FDC-42A3-9474-1A3956D46DE8}") = "UnitTests", "UnitTests", "{0FBECF8B-DF36-4B8E-97E8-C0E817346DEB}"
EndProject
Project("{FAE04EC0-301F-11D3-BF4B-00C04F79EFBC}") = "OrderModuleTests", "OrderModuleTests\OrderModuleTests.csproj", "{C93B43E9-1F79-4A73-9148-AD78E15EACF0}"
EndProject
Project("{FAE04EC0-301F-11D3-BF4B-00C04F79EFBC}") = "AuthorisationModule", "AuthorisationModule\AuthorisationModule.csproj", "{45135D35-142C-44D2-9C21-82A09C127B3D}"
EndProject
Global
	GlobalSection(SolutionConfigurationPlatforms) = preSolution
		Debug|Any CPU = Debug|Any CPU
		Release|Any CPU = Release|Any CPU
	EndGlobalSection
	GlobalSection(ProjectConfigurationPlatforms) = postSolution
		{0C551691-37E5-4BE2-830C-62E651580193}.Debug|Any CPU.ActiveCfg = Debug|Any CPU
		{0C551691-37E5-4BE2-830C-62E651580193}.Debug|Any CPU.Build.0 = Debug|Any CPU
		{0C551691-37E5-4BE2-830C-62E651580193}.Release|Any CPU.ActiveCfg = Release|Any CPU
		{0C551691-37E5-4BE2-830C-62E651580193}.Release|Any CPU.Build.0 = Release|Any CPU
		{2F58CEE8-0A54-406A-AC77-13EB3D7EEA23}.Debug|Any CPU.ActiveCfg = Debug|Any CPU
		{2F58CEE8-0A54-406A-AC77-13EB3D7EEA23}.Debug|Any CPU.Build.0 = Debug|Any CPU
		{2F58CEE8-0A54-406A-AC77-13EB3D7EEA23}.Release|Any CPU.ActiveCfg = Release|Any CPU
		{2F58CEE8-0A54-406A-AC77-13EB3D7EEA23}.Release|Any CPU.Build.0 = Release|Any CPU
		{CC987F83-30F9-46B9-9FEC-2EF82588A1BC}.Debug|Any CPU.ActiveCfg = Debug|Any CPU
		{CC987F83-30F9-46B9-9FEC-2EF82588A1BC}.Debug|Any CPU.Build.0 = Debug|Any CPU
		{CC987F83-30F9-46B9-9FEC-2EF82588A1BC}.Release|Any CPU.ActiveCfg = Release|Any CPU
		{CC987F83-30F9-46B9-9FEC-2EF82588A1BC}.Release|Any CPU.Build.0 = Release|Any CPU
		{B7A38628-F0A8-4C21-9B26-312FB426673D}.Debug|Any CPU.ActiveCfg = Debug|Any CPU
		{B7A38628-F0A8-4C21-9B26-312FB426673D}.Debug|Any CPU.Build.0 = Debug|Any CPU
		{B7A38628-F0A8-4C21-9B26-312FB426673D}.Release|Any CPU.ActiveCfg = Release|Any CPU
		{B7A38628-F0A8-4C21-9B26-312FB426673D}.Release|Any CPU.Build.0 = Release|Any CPU
		{7785DB9A-6470-4213-90DE-555111258816}.Debug|Any CPU.ActiveCfg = Debug|Any CPU
		{7785DB9A-6470-4213-90DE-555111258816}.Debug|Any CPU.Build.0 = Debug|Any CPU
		{7785DB9A-6470-4213-90DE-555111258816}.Release|Any CPU.ActiveCfg = Release|Any CPU
		{7785DB9A-6470-4213-90DE-555111258816}.Release|Any CPU.Build.0 = Release|Any CPU
		{C93B43E9-1F79-4A73-9148-AD78E15EACF0}.Debug|Any CPU.ActiveCfg = Debug|Any CPU
		{C93B43E9-1F79-4A73-9148-AD78E15EACF0}.Debug|Any CPU.Build.0 = Debug|Any CPU
		{C93B43E9-1F79-4A73-9148-AD78E15EACF0}.Release|Any CPU.ActiveCfg = Release|Any CPU
		{C93B43E9-1F79-4A73-9148-AD78E15EACF0}.Release|Any CPU.Build.0 = Release|Any CPU
		{45135D35-142C-44D2-9C21-82A09C127B3D}.Debug|Any CPU.ActiveCfg = Debug|Any CPU
		{45135D35-142C-44D2-9C21-82A09C127B3D}.Debug|Any CPU.Build.0 = Debug|Any CPU
		{45135D35-142C-44D2-9C21-82A09C127B3D}.Release|Any CPU.ActiveCfg = Release|Any CPU
		{45135D35-142C-44D2-9C21-82A09C127B3D}.Release|Any CPU.Build.0 = Release|Any CPU
	EndGlobalSection
	GlobalSection(NestedProjects) = preSolution
		{2F58CEE8-0A54-406A-AC77-13EB3D7EEA23} = {9CE44ECE-9ABF-4BCB-8251-5C7DA7679600}
		{CC987F83-30F9-46B9-9FEC-2EF82588A1BC} = {9CE44ECE-9ABF-4BCB-8251-5C7DA7679600}
		{B7A38628-F0A8-4C21-9B26-312FB426673D} = {9CE44ECE-9ABF-4BCB-8251-5C7DA7679600}
		{C93B43E9-1F79-4A73-9148-AD78E15EACF0} = {0FBECF8B-DF36-4B8E-97E8-C0E817346DEB}
		{45135D35-142C-44D2-9C21-82A09C127B3D} = {9CE44ECE-9ABF-4BCB-8251-5C7DA7679600}
	EndGlobalSection
EndGlobal
